// !$*UTF8*$!
{
	archiveVersion = 1;
	classes = {
	};
	objectVersion = 42;
	objects = {

/* Begin PBXFileReference section */
		4079525E0CEA38CC00E202DC /* main.c */ = {isa = PBXFileReference; fileEncoding = 4; lastKnownFileType = sourcecode.c.c; path = main.c; sourceTree = "<group>"; };
		4079525F0CEA38CC00E202DC /* Makefile */ = {isa = PBXFileReference; fileEncoding = 4; lastKnownFileType = sourcecode.make; path = Makefile; sourceTree = "<group>"; };
		63BD017C1BE86CFD004538D0 /* ADC.h */ = {isa = PBXFileReference; fileEncoding = 4; lastKnownFileType = sourcecode.c.h; name = ADC.h; path = ../../../../../electronics/Projects/MultiFunctionMeter/MFM_rev10_sc1602/firmware/ADC.h; sourceTree = "<group>"; };
		63BD017D1BE86CFD004538D0 /* BarMeter.h */ = {isa = PBXFileReference; fileEncoding = 4; lastKnownFileType = sourcecode.c.h; name = BarMeter.h; path = ../../../../../electronics/Projects/MultiFunctionMeter/MFM_rev10_sc1602/firmware/BarMeter.h; sourceTree = "<group>"; };
		63BD017E1BE86CFD004538D0 /* ExtInterrupt.h */ = {isa = PBXFileReference; fileEncoding = 4; lastKnownFileType = sourcecode.c.h; name = ExtInterrupt.h; path = ../../../../../electronics/Projects/MultiFunctionMeter/MFM_rev10_sc1602/firmware/ExtInterrupt.h; sourceTree = "<group>"; };
		63BD017F1BE86CFD004538D0 /* facemark.h */ = {isa = PBXFileReference; fileEncoding = 4; lastKnownFileType = sourcecode.c.h; name = facemark.h; path = ../../../../../electronics/Projects/MultiFunctionMeter/MFM_rev10_sc1602/firmware/facemark.h; sourceTree = "<group>"; };
		63BD01801BE86CFD004538D0 /* FuelPumpDriver.h */ = {isa = PBXFileReference; fileEncoding = 4; lastKnownFileType = sourcecode.c.h; name = FuelPumpDriver.h; path = ../../../../../electronics/Projects/MultiFunctionMeter/MFM_rev10_sc1602/firmware/FuelPumpDriver.h; sourceTree = "<group>"; };
		63BD01811BE86CFD004538D0 /* lcd_595_softspi.h */ = {isa = PBXFileReference; fileEncoding = 4; lastKnownFileType = sourcecode.c.h; name = lcd_595_softspi.h; path = ../../../../../electronics/Projects/MultiFunctionMeter/MFM_rev10_sc1602/firmware/lcd_595_softspi.h; sourceTree = "<group>"; };
		63BD01821BE86CFD004538D0 /* ledarray_595_softspi.h */ = {isa = PBXFileReference; fileEncoding = 4; lastKnownFileType = sourcecode.c.h; name = ledarray_595_softspi.h; path = ../../../../../electronics/Projects/MultiFunctionMeter/MFM_rev10_sc1602/firmware/ledarray_595_softspi.h; sourceTree = "<group>"; };
		63BD01831BE86CFD004538D0 /* LEDarray.h */ = {isa = PBXFileReference; fileEncoding = 4; lastKnownFileType = sourcecode.c.h; name = LEDarray.h; path = ../../../../../electronics/Projects/MultiFunctionMeter/MFM_rev10_sc1602/firmware/LEDarray.h; sourceTree = "<group>"; };
		63BD01841BE86CFD004538D0 /* TachoMeter.h */ = {isa = PBXFileReference; fileEncoding = 4; lastKnownFileType = sourcecode.c.h; name = TachoMeter.h; path = ../../../../../electronics/Projects/MultiFunctionMeter/MFM_rev10_sc1602/firmware/TachoMeter.h; sourceTree = "<group>"; };
		63BD01851BE86CFD004538D0 /* tictoc.h */ = {isa = PBXFileReference; fileEncoding = 4; lastKnownFileType = sourcecode.c.h; name = tictoc.h; path = ../../../../../electronics/Projects/MultiFunctionMeter/MFM_rev10_sc1602/firmware/tictoc.h; sourceTree = "<group>"; };
		63BD01861BE86CFD004538D0 /* usart.h */ = {isa = PBXFileReference; fileEncoding = 4; lastKnownFileType = sourcecode.c.h; name = usart.h; path = ../../../../../electronics/Projects/MultiFunctionMeter/MFM_rev10_sc1602/firmware/usart.h; sourceTree = "<group>"; };
		63BD01871BE86CFD004538D0 /* ADC.c */ = {isa = PBXFileReference; fileEncoding = 4; lastKnownFileType = sourcecode.c.c; name = ADC.c; path = ../../../../../electronics/Projects/MultiFunctionMeter/MFM_rev10_sc1602/firmware/ADC.c; sourceTree = "<group>"; };
		63BD01881BE86CFD004538D0 /* BarMeter.c */ = {isa = PBXFileReference; fileEncoding = 4; lastKnownFileType = sourcecode.c.c; name = BarMeter.c; path = ../../../../../electronics/Projects/MultiFunctionMeter/MFM_rev10_sc1602/firmware/BarMeter.c; sourceTree = "<group>"; };
		63BD01891BE86CFD004538D0 /* ExtInterrupt.c */ = {isa = PBXFileReference; fileEncoding = 4; lastKnownFileType = sourcecode.c.c; name = ExtInterrupt.c; path = ../../../../../electronics/Projects/MultiFunctionMeter/MFM_rev10_sc1602/firmware/ExtInterrupt.c; sourceTree = "<group>"; };
		63BD018A1BE86CFD004538D0 /* facemark.c */ = {isa = PBXFileReference; fileEncoding = 4; lastKnownFileType = sourcecode.c.c; name = facemark.c; path = ../../../../../electronics/Projects/MultiFunctionMeter/MFM_rev10_sc1602/firmware/facemark.c; sourceTree = "<group>"; };
		63BD018B1BE86CFD004538D0 /* FuelPumpDriver.c */ = {isa = PBXFileReference; fileEncoding = 4; lastKnownFileType = sourcecode.c.c; name = FuelPumpDriver.c; path = ../../../../../electronics/Projects/MultiFunctionMeter/MFM_rev10_sc1602/firmware/FuelPumpDriver.c; sourceTree = "<group>"; };
		63BD018C1BE86CFD004538D0 /* lcd_595_softspi.c */ = {isa = PBXFileReference; fileEncoding = 4; lastKnownFileType = sourcecode.c.c; name = lcd_595_softspi.c; path = ../../../../../electronics/Projects/MultiFunctionMeter/MFM_rev10_sc1602/firmware/lcd_595_softspi.c; sourceTree = "<group>"; };
		63BD018D1BE86CFD004538D0 /* ledarray_595_softspi.c */ = {isa = PBXFileReference; fileEncoding = 4; lastKnownFileType = sourcecode.c.c; name = ledarray_595_softspi.c; path = ../../../../../electronics/Projects/MultiFunctionMeter/MFM_rev10_sc1602/firmware/ledarray_595_softspi.c; sourceTree = "<group>"; };
		63BD018E1BE86CFD004538D0 /* LEDarray.c */ = {isa = PBXFileReference; fileEncoding = 4; lastKnownFileType = sourcecode.c.c; name = LEDarray.c; path = ../../../../../electronics/Projects/MultiFunctionMeter/MFM_rev10_sc1602/firmware/LEDarray.c; sourceTree = "<group>"; };
		63BD018F1BE86CFD004538D0 /* TachoMeter.c */ = {isa = PBXFileReference; fileEncoding = 4; lastKnownFileType = sourcecode.c.c; name = TachoMeter.c; path = ../../../../../electronics/Projects/MultiFunctionMeter/MFM_rev10_sc1602/firmware/TachoMeter.c; sourceTree = "<group>"; };
		63BD01901BE86CFD004538D0 /* tictoc.c */ = {isa = PBXFileReference; fileEncoding = 4; lastKnownFileType = sourcecode.c.c; name = tictoc.c; path = ../../../../../electronics/Projects/MultiFunctionMeter/MFM_rev10_sc1602/firmware/tictoc.c; sourceTree = "<group>"; };
		63BD01911BE86CFD004538D0 /* usart.c */ = {isa = PBXFileReference; fileEncoding = 4; lastKnownFileType = sourcecode.c.c; name = usart.c; path = ../../../../../electronics/Projects/MultiFunctionMeter/MFM_rev10_sc1602/firmware/usart.c; sourceTree = "<group>"; };
/* End PBXFileReference section */

/* Begin PBXGroup section */
		4079523B0CEA382200E202DC = {
			isa = PBXGroup;
			children = (
				4079525D0CEA38CC00E202DC /* firmware */,
			);
			sourceTree = "<group>";
		};
		4079525D0CEA38CC00E202DC /* firmware */ = {
			isa = PBXGroup;
			children = (
				63BD017C1BE86CFD004538D0 /* ADC.h */,
				63BD017D1BE86CFD004538D0 /* BarMeter.h */,
				63BD017E1BE86CFD004538D0 /* ExtInterrupt.h */,
				63BD017F1BE86CFD004538D0 /* facemark.h */,
				63BD01801BE86CFD004538D0 /* FuelPumpDriver.h */,
				63BD01811BE86CFD004538D0 /* lcd_595_softspi.h */,
				63BD01821BE86CFD004538D0 /* ledarray_595_softspi.h */,
				63BD01831BE86CFD004538D0 /* LEDarray.h */,
				63BD01841BE86CFD004538D0 /* TachoMeter.h */,
				63BD01851BE86CFD004538D0 /* tictoc.h */,
				63BD01861BE86CFD004538D0 /* usart.h */,
				63BD01871BE86CFD004538D0 /* ADC.c */,
				63BD01881BE86CFD004538D0 /* BarMeter.c */,
				63BD01891BE86CFD004538D0 /* ExtInterrupt.c */,
				63BD018A1BE86CFD004538D0 /* facemark.c */,
				63BD018B1BE86CFD004538D0 /* FuelPumpDriver.c */,
				63BD018C1BE86CFD004538D0 /* lcd_595_softspi.c */,
				63BD018D1BE86CFD004538D0 /* ledarray_595_softspi.c */,
				63BD018E1BE86CFD004538D0 /* LEDarray.c */,
				63BD018F1BE86CFD004538D0 /* TachoMeter.c */,
				63BD01901BE86CFD004538D0 /* tictoc.c */,
				63BD01911BE86CFD004538D0 /* usart.c */,
				4079525F0CEA38CC00E202DC /* Makefile */,
				4079525E0CEA38CC00E202DC /* main.c */,
			);
			path = firmware;
			sourceTree = "<group>";
		};
/* End PBXGroup section */

/* Begin PBXLegacyTarget section */
		407952600CEA391500E202DC /* firmware */ = {
			isa = PBXLegacyTarget;
			buildArgumentsString = program;
			buildConfigurationList = 407952610CEA393300E202DC /* Build configuration list for PBXLegacyTarget "firmware" */;
			buildPhases = (
			);
			buildToolPath = /usr/bin/make;
			buildWorkingDirectory = firmware;
			dependencies = (
			);
			name = firmware;
			passBuildSettingsInEnvironment = 1;
			productName = "Build All";
		};
/* End PBXLegacyTarget section */

/* Begin PBXProject section */
		4079523D0CEA382200E202DC /* Project object */ = {
			isa = PBXProject;
			attributes = {
			};
			buildConfigurationList = 4079523E0CEA382200E202DC /* Build configuration list for PBXProject "MFM_rev10_sc1602" */;
			compatibilityVersion = "Xcode 2.4";
			developmentRegion = English;
			hasScannedForEncodings = 0;
			knownRegions = (
				en,
			);
			mainGroup = 4079523B0CEA382200E202DC;
			projectDirPath = "";
			projectRoot = "";
			targets = (
				407952600CEA391500E202DC /* firmware */,
			);
		};
/* End PBXProject section */

/* Begin XCBuildConfiguration section */
		407952400CEA382200E202DC /* Release */ = {
			isa = XCBuildConfiguration;
			buildSettings = {
				COPY_PHASE_STRIP = YES;
			};
			name = Release;
		};
		407952630CEA393300E202DC /* Release */ = {
			isa = XCBuildConfiguration;
			buildSettings = {
				PATH = "$(PATH):/usr/local/CrossPack-AVR/bin";
			};
			name = Release;
		};
/* End XCBuildConfiguration section */

/* Begin XCConfigurationList section */
		4079523E0CEA382200E202DC /* Build configuration list for PBXProject "MFM_rev10_sc1602" */ = {
			isa = XCConfigurationList;
			buildConfigurations = (
				407952400CEA382200E202DC /* Release */,
			);
			defaultConfigurationIsVisible = 0;
			defaultConfigurationName = Release;
		};
		407952610CEA393300E202DC /* Build configuration list for PBXLegacyTarget "firmware" */ = {
			isa = XCConfigurationList;
			buildConfigurations = (
				407952630CEA393300E202DC /* Release */,
			);
			defaultConfigurationIsVisible = 0;
			defaultConfigurationName = Release;
		};
/* End XCConfigurationList section */
	};
	rootObject = 4079523D0CEA382200E202DC /* Project object */;
}
