// !$*UTF8*$!
{
	archiveVersion = 1;
	classes = {
	};
	objectVersion = 42;
	objects = {

/* Begin PBXFileReference section */
		4079525E0CEA38CC00E202DC /* main.c */ = {isa = PBXFileReference; fileEncoding = 4; lastKnownFileType = sourcecode.c.c; path = main.c; sourceTree = "<group>"; };
		4079525F0CEA38CC00E202DC /* Makefile */ = {isa = PBXFileReference; fileEncoding = 4; lastKnownFileType = sourcecode.make; path = Makefile; sourceTree = "<group>"; };
		6337ACD11A2018AB00D1A41D /* BarMeter.h */ = {isa = PBXFileReference; fileEncoding = 4; lastKnownFileType = sourcecode.c.h; path = BarMeter.h; sourceTree = "<group>"; };
		6337ACD21A2018AB00D1A41D /* ExtInterrupt.h */ = {isa = PBXFileReference; fileEncoding = 4; lastKnownFileType = sourcecode.c.h; path = ExtInterrupt.h; sourceTree = "<group>"; };
		6337ACD31A2018AB00D1A41D /* facemark.h */ = {isa = PBXFileReference; fileEncoding = 4; lastKnownFileType = sourcecode.c.h; path = facemark.h; sourceTree = "<group>"; };
		6337ACD41A2018AB00D1A41D /* lcd_595_softspi.h */ = {isa = PBXFileReference; fileEncoding = 4; lastKnownFileType = sourcecode.c.h; path = lcd_595_softspi.h; sourceTree = "<group>"; };
		6337ACD51A2018AB00D1A41D /* ledarray_595_softspi.h */ = {isa = PBXFileReference; fileEncoding = 4; lastKnownFileType = sourcecode.c.h; path = ledarray_595_softspi.h; sourceTree = "<group>"; };
		6337ACD61A2018AB00D1A41D /* LEDarray.h */ = {isa = PBXFileReference; fileEncoding = 4; lastKnownFileType = sourcecode.c.h; path = LEDarray.h; sourceTree = "<group>"; };
		6337ACD71A2018AB00D1A41D /* TachoMeter.h */ = {isa = PBXFileReference; fileEncoding = 4; lastKnownFileType = sourcecode.c.h; path = TachoMeter.h; sourceTree = "<group>"; };
		6337ACD81A2018AB00D1A41D /* tictoc.h */ = {isa = PBXFileReference; fileEncoding = 4; lastKnownFileType = sourcecode.c.h; path = tictoc.h; sourceTree = "<group>"; };
		6337ACD91A2018AB00D1A41D /* usart.h */ = {isa = PBXFileReference; fileEncoding = 4; lastKnownFileType = sourcecode.c.h; path = usart.h; sourceTree = "<group>"; };
		6337ACDA1A2018AB00D1A41D /* BarMeter.c */ = {isa = PBXFileReference; fileEncoding = 4; lastKnownFileType = sourcecode.c.c; path = BarMeter.c; sourceTree = "<group>"; };
		6337ACDB1A2018AB00D1A41D /* ExtInterrupt.c */ = {isa = PBXFileReference; fileEncoding = 4; lastKnownFileType = sourcecode.c.c; path = ExtInterrupt.c; sourceTree = "<group>"; };
		6337ACDC1A2018AB00D1A41D /* facemark.c */ = {isa = PBXFileReference; fileEncoding = 4; lastKnownFileType = sourcecode.c.c; path = facemark.c; sourceTree = "<group>"; };
		6337ACDD1A2018AB00D1A41D /* lcd_595_softspi.c */ = {isa = PBXFileReference; fileEncoding = 4; lastKnownFileType = sourcecode.c.c; path = lcd_595_softspi.c; sourceTree = "<group>"; };
		6337ACDE1A2018AB00D1A41D /* ledarray_595_softspi.c */ = {isa = PBXFileReference; fileEncoding = 4; lastKnownFileType = sourcecode.c.c; path = ledarray_595_softspi.c; sourceTree = "<group>"; };
		6337ACDF1A2018AB00D1A41D /* LEDarray.c */ = {isa = PBXFileReference; fileEncoding = 4; lastKnownFileType = sourcecode.c.c; path = LEDarray.c; sourceTree = "<group>"; };
		6337ACE01A2018AB00D1A41D /* TachoMeter.c */ = {isa = PBXFileReference; fileEncoding = 4; lastKnownFileType = sourcecode.c.c; path = TachoMeter.c; sourceTree = "<group>"; };
		6337ACE11A2018AB00D1A41D /* tictoc.c */ = {isa = PBXFileReference; fileEncoding = 4; lastKnownFileType = sourcecode.c.c; path = tictoc.c; sourceTree = "<group>"; };
		6337ACE21A2018AB00D1A41D /* usart.c */ = {isa = PBXFileReference; fileEncoding = 4; lastKnownFileType = sourcecode.c.c; path = usart.c; sourceTree = "<group>"; };
		63CD95EB1A2F5CCD005AF7A1 /* ADC.c */ = {isa = PBXFileReference; fileEncoding = 4; lastKnownFileType = sourcecode.c.c; path = ADC.c; sourceTree = "<group>"; };
		63CD95EC1A2F5CCD005AF7A1 /* ADC.h */ = {isa = PBXFileReference; fileEncoding = 4; lastKnownFileType = sourcecode.c.h; path = ADC.h; sourceTree = "<group>"; };
		63EE3ECB1A24DD72001857F2 /* FuelPumpDriver.c */ = {isa = PBXFileReference; fileEncoding = 4; lastKnownFileType = sourcecode.c.c; path = FuelPumpDriver.c; sourceTree = "<group>"; };
		63EE3ECC1A24DD72001857F2 /* FuelPumpDriver.h */ = {isa = PBXFileReference; fileEncoding = 4; lastKnownFileType = sourcecode.c.h; path = FuelPumpDriver.h; sourceTree = "<group>"; };
/* End PBXFileReference section */

/* Begin PBXGroup section */
		4079523B0CEA382200E202DC = {
			isa = PBXGroup;
			children = (
				4079525D0CEA38CC00E202DC /* firmware */,
			);
			sourceTree = "<group>";
		};
		4079525D0CEA38CC00E202DC /* firmware */ = {
			isa = PBXGroup;
			children = (
				63CD95EB1A2F5CCD005AF7A1 /* ADC.c */,
				63CD95EC1A2F5CCD005AF7A1 /* ADC.h */,
				6337ACD11A2018AB00D1A41D /* BarMeter.h */,
				6337ACD21A2018AB00D1A41D /* ExtInterrupt.h */,
				6337ACD31A2018AB00D1A41D /* facemark.h */,
				6337ACD41A2018AB00D1A41D /* lcd_595_softspi.h */,
				6337ACD51A2018AB00D1A41D /* ledarray_595_softspi.h */,
				6337ACD61A2018AB00D1A41D /* LEDarray.h */,
				6337ACD71A2018AB00D1A41D /* TachoMeter.h */,
				6337ACD81A2018AB00D1A41D /* tictoc.h */,
				6337ACD91A2018AB00D1A41D /* usart.h */,
				6337ACDA1A2018AB00D1A41D /* BarMeter.c */,
				6337ACDB1A2018AB00D1A41D /* ExtInterrupt.c */,
				6337ACDC1A2018AB00D1A41D /* facemark.c */,
				6337ACDD1A2018AB00D1A41D /* lcd_595_softspi.c */,
				6337ACDE1A2018AB00D1A41D /* ledarray_595_softspi.c */,
				6337ACDF1A2018AB00D1A41D /* LEDarray.c */,
				6337ACE01A2018AB00D1A41D /* TachoMeter.c */,
				6337ACE11A2018AB00D1A41D /* tictoc.c */,
				6337ACE21A2018AB00D1A41D /* usart.c */,
				4079525F0CEA38CC00E202DC /* Makefile */,
				4079525E0CEA38CC00E202DC /* main.c */,
				63EE3ECB1A24DD72001857F2 /* FuelPumpDriver.c */,
				63EE3ECC1A24DD72001857F2 /* FuelPumpDriver.h */,
			);
			path = firmware;
			sourceTree = "<group>";
		};
/* End PBXGroup section */

/* Begin PBXLegacyTarget section */
		407952600CEA391500E202DC /* firmware */ = {
			isa = PBXLegacyTarget;
			buildArgumentsString = program;
			buildConfigurationList = 407952610CEA393300E202DC /* Build configuration list for PBXLegacyTarget "firmware" */;
			buildPhases = (
			);
			buildToolPath = /usr/bin/make;
			buildWorkingDirectory = firmware;
			dependencies = (
			);
			name = firmware;
			passBuildSettingsInEnvironment = 1;
			productName = "Build All";
		};
/* End PBXLegacyTarget section */

/* Begin PBXProject section */
		4079523D0CEA382200E202DC /* Project object */ = {
			isa = PBXProject;
			attributes = {
			};
			buildConfigurationList = 4079523E0CEA382200E202DC /* Build configuration list for PBXProject "MFM_rev6" */;
			compatibilityVersion = "Xcode 2.4";
			developmentRegion = English;
			hasScannedForEncodings = 0;
			knownRegions = (
				en,
			);
			mainGroup = 4079523B0CEA382200E202DC;
			projectDirPath = "";
			projectRoot = "";
			targets = (
				407952600CEA391500E202DC /* firmware */,
			);
		};
/* End PBXProject section */

/* Begin XCBuildConfiguration section */
		407952400CEA382200E202DC /* Release */ = {
			isa = XCBuildConfiguration;
			buildSettings = {
				COPY_PHASE_STRIP = YES;
			};
			name = Release;
		};
		407952630CEA393300E202DC /* Release */ = {
			isa = XCBuildConfiguration;
			buildSettings = {
				PATH = "$(PATH):/usr/local/CrossPack-AVR/bin";
			};
			name = Release;
		};
/* End XCBuildConfiguration section */

/* Begin XCConfigurationList section */
		4079523E0CEA382200E202DC /* Build configuration list for PBXProject "MFM_rev6" */ = {
			isa = XCConfigurationList;
			buildConfigurations = (
				407952400CEA382200E202DC /* Release */,
			);
			defaultConfigurationIsVisible = 0;
			defaultConfigurationName = Release;
		};
		407952610CEA393300E202DC /* Build configuration list for PBXLegacyTarget "firmware" */ = {
			isa = XCConfigurationList;
			buildConfigurations = (
				407952630CEA393300E202DC /* Release */,
			);
			defaultConfigurationIsVisible = 0;
			defaultConfigurationName = Release;
		};
/* End XCConfigurationList section */
	};
	rootObject = 4079523D0CEA382200E202DC /* Project object */;
}
