// !$*UTF8*$!
{
	archiveVersion = 1;
	classes = {
	};
	objectVersion = 42;
	objects = {

/* Begin PBXFileReference section */
		4079525E0CEA38CC00E202DC /* main.c */ = {isa = PBXFileReference; fileEncoding = 4; lastKnownFileType = sourcecode.c.c; path = main.c; sourceTree = "<group>"; };
		4079525F0CEA38CC00E202DC /* Makefile */ = {isa = PBXFileReference; fileEncoding = 4; lastKnownFileType = sourcecode.make; path = Makefile; sourceTree = "<group>"; };
		632DF95A1A261D3900818E73 /* BarMeter.h */ = {isa = PBXFileReference; fileEncoding = 4; lastKnownFileType = sourcecode.c.h; path = BarMeter.h; sourceTree = "<group>"; };
		632DF95B1A261D3900818E73 /* ExtInterrupt.h */ = {isa = PBXFileReference; fileEncoding = 4; lastKnownFileType = sourcecode.c.h; path = ExtInterrupt.h; sourceTree = "<group>"; };
		632DF95C1A261D3900818E73 /* facemark.h */ = {isa = PBXFileReference; fileEncoding = 4; lastKnownFileType = sourcecode.c.h; path = facemark.h; sourceTree = "<group>"; };
		632DF95D1A261D3900818E73 /* FuelPumpDriver.h */ = {isa = PBXFileReference; fileEncoding = 4; lastKnownFileType = sourcecode.c.h; path = FuelPumpDriver.h; sourceTree = "<group>"; };
		632DF95E1A261D3900818E73 /* lcd_595_softspi.h */ = {isa = PBXFileReference; fileEncoding = 4; lastKnownFileType = sourcecode.c.h; path = lcd_595_softspi.h; sourceTree = "<group>"; };
		632DF95F1A261D3900818E73 /* ledarray_595_softspi.h */ = {isa = PBXFileReference; fileEncoding = 4; lastKnownFileType = sourcecode.c.h; path = ledarray_595_softspi.h; sourceTree = "<group>"; };
		632DF9601A261D3900818E73 /* LEDarray.h */ = {isa = PBXFileReference; fileEncoding = 4; lastKnownFileType = sourcecode.c.h; path = LEDarray.h; sourceTree = "<group>"; };
		632DF9611A261D3900818E73 /* TachoMeter.h */ = {isa = PBXFileReference; fileEncoding = 4; lastKnownFileType = sourcecode.c.h; path = TachoMeter.h; sourceTree = "<group>"; };
		632DF9621A261D3900818E73 /* tictoc.h */ = {isa = PBXFileReference; fileEncoding = 4; lastKnownFileType = sourcecode.c.h; path = tictoc.h; sourceTree = "<group>"; };
		632DF9631A261D3900818E73 /* usart.h */ = {isa = PBXFileReference; fileEncoding = 4; lastKnownFileType = sourcecode.c.h; path = usart.h; sourceTree = "<group>"; };
		632DF9641A261D3900818E73 /* BarMeter.c */ = {isa = PBXFileReference; fileEncoding = 4; lastKnownFileType = sourcecode.c.c; path = BarMeter.c; sourceTree = "<group>"; };
		632DF9651A261D3900818E73 /* ExtInterrupt.c */ = {isa = PBXFileReference; fileEncoding = 4; lastKnownFileType = sourcecode.c.c; path = ExtInterrupt.c; sourceTree = "<group>"; };
		632DF9661A261D3900818E73 /* facemark.c */ = {isa = PBXFileReference; fileEncoding = 4; lastKnownFileType = sourcecode.c.c; path = facemark.c; sourceTree = "<group>"; };
		632DF9671A261D3900818E73 /* FuelPumpDriver.c */ = {isa = PBXFileReference; fileEncoding = 4; lastKnownFileType = sourcecode.c.c; path = FuelPumpDriver.c; sourceTree = "<group>"; };
		632DF9681A261D3900818E73 /* lcd_595_softspi.c */ = {isa = PBXFileReference; fileEncoding = 4; lastKnownFileType = sourcecode.c.c; path = lcd_595_softspi.c; sourceTree = "<group>"; };
		632DF9691A261D3900818E73 /* ledarray_595_softspi.c */ = {isa = PBXFileReference; fileEncoding = 4; lastKnownFileType = sourcecode.c.c; path = ledarray_595_softspi.c; sourceTree = "<group>"; };
		632DF96A1A261D3900818E73 /* LEDarray.c */ = {isa = PBXFileReference; fileEncoding = 4; lastKnownFileType = sourcecode.c.c; path = LEDarray.c; sourceTree = "<group>"; };
		632DF96B1A261D3900818E73 /* TachoMeter.c */ = {isa = PBXFileReference; fileEncoding = 4; lastKnownFileType = sourcecode.c.c; path = TachoMeter.c; sourceTree = "<group>"; };
		632DF96C1A261D3900818E73 /* tictoc.c */ = {isa = PBXFileReference; fileEncoding = 4; lastKnownFileType = sourcecode.c.c; path = tictoc.c; sourceTree = "<group>"; };
		632DF96D1A261D3900818E73 /* usart.c */ = {isa = PBXFileReference; fileEncoding = 4; lastKnownFileType = sourcecode.c.c; path = usart.c; sourceTree = "<group>"; };
/* End PBXFileReference section */

/* Begin PBXGroup section */
		4079523B0CEA382200E202DC = {
			isa = PBXGroup;
			children = (
				4079525D0CEA38CC00E202DC /* firmware */,
			);
			sourceTree = "<group>";
		};
		4079525D0CEA38CC00E202DC /* firmware */ = {
			isa = PBXGroup;
			children = (
				632DF95A1A261D3900818E73 /* BarMeter.h */,
				632DF95B1A261D3900818E73 /* ExtInterrupt.h */,
				632DF95C1A261D3900818E73 /* facemark.h */,
				632DF95D1A261D3900818E73 /* FuelPumpDriver.h */,
				632DF95E1A261D3900818E73 /* lcd_595_softspi.h */,
				632DF95F1A261D3900818E73 /* ledarray_595_softspi.h */,
				632DF9601A261D3900818E73 /* LEDarray.h */,
				632DF9611A261D3900818E73 /* TachoMeter.h */,
				632DF9621A261D3900818E73 /* tictoc.h */,
				632DF9631A261D3900818E73 /* usart.h */,
				632DF9641A261D3900818E73 /* BarMeter.c */,
				632DF9651A261D3900818E73 /* ExtInterrupt.c */,
				632DF9661A261D3900818E73 /* facemark.c */,
				632DF9671A261D3900818E73 /* FuelPumpDriver.c */,
				632DF9681A261D3900818E73 /* lcd_595_softspi.c */,
				632DF9691A261D3900818E73 /* ledarray_595_softspi.c */,
				632DF96A1A261D3900818E73 /* LEDarray.c */,
				632DF96B1A261D3900818E73 /* TachoMeter.c */,
				632DF96C1A261D3900818E73 /* tictoc.c */,
				632DF96D1A261D3900818E73 /* usart.c */,
				4079525F0CEA38CC00E202DC /* Makefile */,
				4079525E0CEA38CC00E202DC /* main.c */,
			);
			path = firmware;
			sourceTree = "<group>";
		};
/* End PBXGroup section */

/* Begin PBXLegacyTarget section */
		407952600CEA391500E202DC /* firmware */ = {
			isa = PBXLegacyTarget;
			buildArgumentsString = program;
			buildConfigurationList = 407952610CEA393300E202DC /* Build configuration list for PBXLegacyTarget "firmware" */;
			buildPhases = (
			);
			buildToolPath = /usr/bin/make;
			buildWorkingDirectory = firmware;
			dependencies = (
			);
			name = firmware;
			passBuildSettingsInEnvironment = 1;
			productName = "Build All";
		};
/* End PBXLegacyTarget section */

/* Begin PBXProject section */
		4079523D0CEA382200E202DC /* Project object */ = {
			isa = PBXProject;
			attributes = {
			};
			buildConfigurationList = 4079523E0CEA382200E202DC /* Build configuration list for PBXProject "MFM_TimerTest" */;
			compatibilityVersion = "Xcode 2.4";
			developmentRegion = English;
			hasScannedForEncodings = 0;
			knownRegions = (
				en,
			);
			mainGroup = 4079523B0CEA382200E202DC;
			projectDirPath = "";
			projectRoot = "";
			targets = (
				407952600CEA391500E202DC /* firmware */,
			);
		};
/* End PBXProject section */

/* Begin XCBuildConfiguration section */
		407952400CEA382200E202DC /* Release */ = {
			isa = XCBuildConfiguration;
			buildSettings = {
				COPY_PHASE_STRIP = YES;
			};
			name = Release;
		};
		407952630CEA393300E202DC /* Release */ = {
			isa = XCBuildConfiguration;
			buildSettings = {
				PATH = "$(PATH):/usr/local/CrossPack-AVR/bin";
			};
			name = Release;
		};
/* End XCBuildConfiguration section */

/* Begin XCConfigurationList section */
		4079523E0CEA382200E202DC /* Build configuration list for PBXProject "MFM_TimerTest" */ = {
			isa = XCConfigurationList;
			buildConfigurations = (
				407952400CEA382200E202DC /* Release */,
			);
			defaultConfigurationIsVisible = 0;
			defaultConfigurationName = Release;
		};
		407952610CEA393300E202DC /* Build configuration list for PBXLegacyTarget "firmware" */ = {
			isa = XCConfigurationList;
			buildConfigurations = (
				407952630CEA393300E202DC /* Release */,
			);
			defaultConfigurationIsVisible = 0;
			defaultConfigurationName = Release;
		};
/* End XCConfigurationList section */
	};
	rootObject = 4079523D0CEA382200E202DC /* Project object */;
}
